{
  "name": "ae_scripts",
  "version": "1.0.0",
  "lockfileVersion": 3,
  "requires": true,
  "packages": {
    "": {
      "name": "ae_scripts",
      "version": "1.0.0",
      "license": "ISC",
      "dependencies": {
        "types-for-adobe": "^7.0.12"
      }
    },
    "node_modules/types-for-adobe": {
      "version": "7.0.12",
      "resolved": "https://registry.npmjs.org/types-for-adobe/-/types-for-adobe-7.0.12.tgz",
      "integrity": "sha512-J45QGDJYI0OjxzvxaVmDypOJD4aVSP+ElB2m2HTuVJGkYa+0ED0sNTIfmla/46c6gZBUFcDVO2EvZ3hqT5gcnw=="
    }
  }
}
